// !$*UTF8*$!
{
	archiveVersion = 1;
	classes = {
	};
	objectVersion = 46;
	objects = {

/* Begin PBXBuildFile section */
		A883729919F6880700348A2D /* main.m in Sources */ = {isa = PBXBuildFile; fileRef = A883729819F6880700348A2D /* main.m */; };
		A883729C19F6880700348A2D /* AppDelegate.m in Sources */ = {isa = PBXBuildFile; fileRef = A883729B19F6880700348A2D /* AppDelegate.m */; };
		A883729F19F6880700348A2D /* ViewController.m in Sources */ = {isa = PBXBuildFile; fileRef = A883729E19F6880700348A2D /* ViewController.m */; };
		A88372A219F6880700348A2D /* Main.storyboard in Resources */ = {isa = PBXBuildFile; fileRef = A88372A019F6880700348A2D /* Main.storyboard */; };
		A88372A419F6880700348A2D /* Images.xcassets in Resources */ = {isa = PBXBuildFile; fileRef = A88372A319F6880700348A2D /* Images.xcassets */; };
		A88372A719F6880700348A2D /* LaunchScreen.xib in Resources */ = {isa = PBXBuildFile; fileRef = A88372A519F6880700348A2D /* LaunchScreen.xib */; };
		A88372B319F6880700348A2D /* AutoEmailAppTests.m in Sources */ = {isa = PBXBuildFile; fileRef = A88372B219F6880700348A2D /* AutoEmailAppTests.m */; };
		A88372C119F68AD100348A2D /* AutoEmailTextField.m in Sources */ = {isa = PBXBuildFile; fileRef = A88372C019F68AD100348A2D /* AutoEmailTextField.m */; };
		A88372C419F69B2400348A2D /* AutoCompleteTextField.m in Sources */ = {isa = PBXBuildFile; fileRef = A88372C319F69B2400348A2D /* AutoCompleteTextField.m */; };
/* End PBXBuildFile section */

/* Begin PBXContainerItemProxy section */
		A88372AD19F6880700348A2D /* PBXContainerItemProxy */ = {
			isa = PBXContainerItemProxy;
			containerPortal = A883728B19F6880700348A2D /* Project object */;
			proxyType = 1;
			remoteGlobalIDString = A883729219F6880700348A2D;
			remoteInfo = AutoEmailApp;
		};
/* End PBXContainerItemProxy section */

/* Begin PBXFileReference section */
		A883729319F6880700348A2D /* AutoEmailApp.app */ = {isa = PBXFileReference; explicitFileType = wrapper.application; includeInIndex = 0; path = AutoEmailApp.app; sourceTree = BUILT_PRODUCTS_DIR; };
		A883729719F6880700348A2D /* Info.plist */ = {isa = PBXFileReference; lastKnownFileType = text.plist.xml; path = Info.plist; sourceTree = "<group>"; };
		A883729819F6880700348A2D /* main.m */ = {isa = PBXFileReference; lastKnownFileType = sourcecode.c.objc; path = main.m; sourceTree = "<group>"; };
		A883729A19F6880700348A2D /* AppDelegate.h */ = {isa = PBXFileReference; lastKnownFileType = sourcecode.c.h; path = AppDelegate.h; sourceTree = "<group>"; };
		A883729B19F6880700348A2D /* AppDelegate.m */ = {isa = PBXFileReference; lastKnownFileType = sourcecode.c.objc; path = AppDelegate.m; sourceTree = "<group>"; };
		A883729D19F6880700348A2D /* ViewController.h */ = {isa = PBXFileReference; lastKnownFileType = sourcecode.c.h; path = ViewController.h; sourceTree = "<group>"; };
		A883729E19F6880700348A2D /* ViewController.m */ = {isa = PBXFileReference; lastKnownFileType = sourcecode.c.objc; path = ViewController.m; sourceTree = "<group>"; };
		A88372A119F6880700348A2D /* Base */ = {isa = PBXFileReference; lastKnownFileType = file.storyboard; name = Base; path = Base.lproj/Main.storyboard; sourceTree = "<group>"; };
		A88372A319F6880700348A2D /* Images.xcassets */ = {isa = PBXFileReference; lastKnownFileType = folder.assetcatalog; path = Images.xcassets; sourceTree = "<group>"; };
		A88372A619F6880700348A2D /* Base */ = {isa = PBXFileReference; lastKnownFileType = file.xib; name = Base; path = Base.lproj/LaunchScreen.xib; sourceTree = "<group>"; };
		A88372AC19F6880700348A2D /* AutoEmailAppTests.xctest */ = {isa = PBXFileReference; explicitFileType = wrapper.cfbundle; includeInIndex = 0; path = AutoEmailAppTests.xctest; sourceTree = BUILT_PRODUCTS_DIR; };
		A88372B119F6880700348A2D /* Info.plist */ = {isa = PBXFileReference; lastKnownFileType = text.plist.xml; path = Info.plist; sourceTree = "<group>"; };
		A88372B219F6880700348A2D /* AutoEmailAppTests.m */ = {isa = PBXFileReference; lastKnownFileType = sourcecode.c.objc; path = AutoEmailAppTests.m; sourceTree = "<group>"; };
		A88372BF19F68AD100348A2D /* AutoEmailTextField.h */ = {isa = PBXFileReference; fileEncoding = 4; lastKnownFileType = sourcecode.c.h; path = AutoEmailTextField.h; sourceTree = "<group>"; };
		A88372C019F68AD100348A2D /* AutoEmailTextField.m */ = {isa = PBXFileReference; fileEncoding = 4; lastKnownFileType = sourcecode.c.objc; path = AutoEmailTextField.m; sourceTree = "<group>"; };
		A88372C219F69B2400348A2D /* AutoCompleteTextField.h */ = {isa = PBXFileReference; fileEncoding = 4; lastKnownFileType = sourcecode.c.h; path = AutoCompleteTextField.h; sourceTree = "<group>"; };
		A88372C319F69B2400348A2D /* AutoCompleteTextField.m */ = {isa = PBXFileReference; fileEncoding = 4; lastKnownFileType = sourcecode.c.objc; path = AutoCompleteTextField.m; sourceTree = "<group>"; };
/* End PBXFileReference section */

/* Begin PBXFrameworksBuildPhase section */
		A883729019F6880700348A2D /* Frameworks */ = {
			isa = PBXFrameworksBuildPhase;
			buildActionMask = 2147483647;
			files = (
			);
			runOnlyForDeploymentPostprocessing = 0;
		};
		A88372A919F6880700348A2D /* Frameworks */ = {
			isa = PBXFrameworksBuildPhase;
			buildActionMask = 2147483647;
			files = (
			);
			runOnlyForDeploymentPostprocessing = 0;
		};
/* End PBXFrameworksBuildPhase section */

/* Begin PBXGroup section */
		A883728A19F6880700348A2D = {
			isa = PBXGroup;
			children = (
				A883729519F6880700348A2D /* AutoEmailApp */,
				A88372AF19F6880700348A2D /* AutoEmailAppTests */,
				A883729419F6880700348A2D /* Products */,
			);
			sourceTree = "<group>";
		};
		A883729419F6880700348A2D /* Products */ = {
			isa = PBXGroup;
			children = (
				A883729319F6880700348A2D /* AutoEmailApp.app */,
				A88372AC19F6880700348A2D /* AutoEmailAppTests.xctest */,
			);
			name = Products;
			sourceTree = "<group>";
		};
		A883729519F6880700348A2D /* AutoEmailApp */ = {
			isa = PBXGroup;
			children = (
				A883729A19F6880700348A2D /* AppDelegate.h */,
				A883729B19F6880700348A2D /* AppDelegate.m */,
				A883729D19F6880700348A2D /* ViewController.h */,
				A883729E19F6880700348A2D /* ViewController.m */,
				A88372A019F6880700348A2D /* Main.storyboard */,
				A88372A319F6880700348A2D /* Images.xcassets */,
				A88372A519F6880700348A2D /* LaunchScreen.xib */,
				A883729619F6880700348A2D /* Supporting Files */,
				A88372BF19F68AD100348A2D /* AutoEmailTextField.h */,
				A88372C019F68AD100348A2D /* AutoEmailTextField.m */,
				A88372C219F69B2400348A2D /* AutoCompleteTextField.h */,
				A88372C319F69B2400348A2D /* AutoCompleteTextField.m */,
			);
			path = AutoEmailApp;
			sourceTree = "<group>";
		};
		A883729619F6880700348A2D /* Supporting Files */ = {
			isa = PBXGroup;
			children = (
				A883729719F6880700348A2D /* Info.plist */,
				A883729819F6880700348A2D /* main.m */,
			);
			name = "Supporting Files";
			sourceTree = "<group>";
		};
		A88372AF19F6880700348A2D /* AutoEmailAppTests */ = {
			isa = PBXGroup;
			children = (
				A88372B219F6880700348A2D /* AutoEmailAppTests.m */,
				A88372B019F6880700348A2D /* Supporting Files */,
			);
			path = AutoEmailAppTests;
			sourceTree = "<group>";
		};
		A88372B019F6880700348A2D /* Supporting Files */ = {
			isa = PBXGroup;
			children = (
				A88372B119F6880700348A2D /* Info.plist */,
			);
			name = "Supporting Files";
			sourceTree = "<group>";
		};
/* End PBXGroup section */

/* Begin PBXNativeTarget section */
		A883729219F6880700348A2D /* AutoEmailApp */ = {
			isa = PBXNativeTarget;
			buildConfigurationList = A88372B619F6880700348A2D /* Build configuration list for PBXNativeTarget "AutoEmailApp" */;
			buildPhases = (
				A883728F19F6880700348A2D /* Sources */,
				A883729019F6880700348A2D /* Frameworks */,
				A883729119F6880700348A2D /* Resources */,
			);
			buildRules = (
			);
			dependencies = (
			);
			name = AutoEmailApp;
			productName = AutoEmailApp;
			productReference = A883729319F6880700348A2D /* AutoEmailApp.app */;
			productType = "com.apple.product-type.application";
		};
		A88372AB19F6880700348A2D /* AutoEmailAppTests */ = {
			isa = PBXNativeTarget;
			buildConfigurationList = A88372B919F6880700348A2D /* Build configuration list for PBXNativeTarget "AutoEmailAppTests" */;
			buildPhases = (
				A88372A819F6880700348A2D /* Sources */,
				A88372A919F6880700348A2D /* Frameworks */,
				A88372AA19F6880700348A2D /* Resources */,
			);
			buildRules = (
			);
			dependencies = (
				A88372AE19F6880700348A2D /* PBXTargetDependency */,
			);
			name = AutoEmailAppTests;
			productName = AutoEmailAppTests;
			productReference = A88372AC19F6880700348A2D /* AutoEmailAppTests.xctest */;
			productType = "com.apple.product-type.bundle.unit-test";
		};
/* End PBXNativeTarget section */

/* Begin PBXProject section */
		A883728B19F6880700348A2D /* Project object */ = {
			isa = PBXProject;
			attributes = {
				LastUpgradeCheck = 0610;
				ORGANIZATIONNAME = haitou;
				TargetAttributes = {
					A883729219F6880700348A2D = {
						CreatedOnToolsVersion = 6.1;
					};
					A88372AB19F6880700348A2D = {
						CreatedOnToolsVersion = 6.1;
						TestTargetID = A883729219F6880700348A2D;
					};
				};
			};
			buildConfigurationList = A883728E19F6880700348A2D /* Build configuration list for PBXProject "AutoEmailApp" */;
			compatibilityVersion = "Xcode 3.2";
			developmentRegion = English;
			hasScannedForEncodings = 0;
			knownRegions = (
				en,
				Base,
			);
			mainGroup = A883728A19F6880700348A2D;
			productRefGroup = A883729419F6880700348A2D /* Products */;
			projectDirPath = "";
			projectRoot = "";
			targets = (
				A883729219F6880700348A2D /* AutoEmailApp */,
				A88372AB19F6880700348A2D /* AutoEmailAppTests */,
			);
		};
/* End PBXProject section */

/* Begin PBXResourcesBuildPhase section */
		A883729119F6880700348A2D /* Resources */ = {
			isa = PBXResourcesBuildPhase;
			buildActionMask = 2147483647;
			files = (
				A88372A219F6880700348A2D /* Main.storyboard in Resources */,
				A88372A719F6880700348A2D /* LaunchScreen.xib in Resources */,
				A88372A419F6880700348A2D /* Images.xcassets in Resources */,
			);
			runOnlyForDeploymentPostprocessing = 0;
		};
		A88372AA19F6880700348A2D /* Resources */ = {
			isa = PBXResourcesBuildPhase;
			buildActionMask = 2147483647;
			files = (
			);
			runOnlyForDeploymentPostprocessing = 0;
		};
/* End PBXResourcesBuildPhase section */

/* Begin PBXSourcesBuildPhase section */
		A883728F19F6880700348A2D /* Sources */ = {
			isa = PBXSourcesBuildPhase;
			buildActionMask = 2147483647;
			files = (
				A883729F19F6880700348A2D /* ViewController.m in Sources */,
				A88372C419F69B2400348A2D /* AutoCompleteTextField.m in Sources */,
				A88372C119F68AD100348A2D /* AutoEmailTextField.m in Sources */,
				A883729C19F6880700348A2D /* AppDelegate.m in Sources */,
				A883729919F6880700348A2D /* main.m in Sources */,
			);
			runOnlyForDeploymentPostprocessing = 0;
		};
		A88372A819F6880700348A2D /* Sources */ = {
			isa = PBXSourcesBuildPhase;
			buildActionMask = 2147483647;
			files = (
				A88372B319F6880700348A2D /* AutoEmailAppTests.m in Sources */,
			);
			runOnlyForDeploymentPostprocessing = 0;
		};
/* End PBXSourcesBuildPhase section */

/* Begin PBXTargetDependency section */
		A88372AE19F6880700348A2D /* PBXTargetDependency */ = {
			isa = PBXTargetDependency;
			target = A883729219F6880700348A2D /* AutoEmailApp */;
			targetProxy = A88372AD19F6880700348A2D /* PBXContainerItemProxy */;
		};
/* End PBXTargetDependency section */

/* Begin PBXVariantGroup section */
		A88372A019F6880700348A2D /* Main.storyboard */ = {
			isa = PBXVariantGroup;
			children = (
				A88372A119F6880700348A2D /* Base */,
			);
			name = Main.storyboard;
			sourceTree = "<group>";
		};
		A88372A519F6880700348A2D /* LaunchScreen.xib */ = {
			isa = PBXVariantGroup;
			children = (
				A88372A619F6880700348A2D /* Base */,
			);
			name = LaunchScreen.xib;
			sourceTree = "<group>";
		};
/* End PBXVariantGroup section */

/* Begin XCBuildConfiguration section */
		A88372B419F6880700348A2D /* Debug */ = {
			isa = XCBuildConfiguration;
			buildSettings = {
				ALWAYS_SEARCH_USER_PATHS = NO;
				CLANG_CXX_LANGUAGE_STANDARD = "gnu++0x";
				CLANG_CXX_LIBRARY = "libc++";
				CLANG_ENABLE_MODULES = YES;
				CLANG_ENABLE_OBJC_ARC = YES;
				CLANG_WARN_BOOL_CONVERSION = YES;
				CLANG_WARN_CONSTANT_CONVERSION = YES;
				CLANG_WARN_DIRECT_OBJC_ISA_USAGE = YES_ERROR;
				CLANG_WARN_EMPTY_BODY = YES;
				CLANG_WARN_ENUM_CONVERSION = YES;
				CLANG_WARN_INT_CONVERSION = YES;
				CLANG_WARN_OBJC_ROOT_CLASS = YES_ERROR;
				CLANG_WARN_UNREACHABLE_CODE = YES;
				CLANG_WARN__DUPLICATE_METHOD_MATCH = YES;
				"CODE_SIGN_IDENTITY[sdk=iphoneos*]" = "iPhone Developer";
				COPY_PHASE_STRIP = NO;
				ENABLE_STRICT_OBJC_MSGSEND = YES;
				GCC_C_LANGUAGE_STANDARD = gnu99;
				GCC_DYNAMIC_NO_PIC = NO;
				GCC_OPTIMIZATION_LEVEL = 0;
				GCC_PREPROCESSOR_DEFINITIONS = (
					"DEBUG=1",
					"$(inherited)",
				);
				GCC_SYMBOLS_PRIVATE_EXTERN = NO;
				GCC_WARN_64_TO_32_BIT_CONVERSION = YES;
				GCC_WARN_ABOUT_RETURN_TYPE = YES_ERROR;
				GCC_WARN_UNDECLARED_SELECTOR = YES;
				GCC_WARN_UNINITIALIZED_AUTOS = YES_AGGRESSIVE;
				GCC_WARN_UNUSED_FUNCTION = YES;
				GCC_WARN_UNUSED_VARIABLE = YES;
				IPHONEOS_DEPLOYMENT_TARGET = 8.1;
				MTL_ENABLE_DEBUG_INFO = YES;
				ONLY_ACTIVE_ARCH = YES;
				SDKROOT = iphoneos;
			};
			name = Debug;
		};
		A88372B519F6880700348A2D /* Release */ = {
			isa = XCBuildConfiguration;
			buildSettings = {
				ALWAYS_SEARCH_USER_PATHS = NO;
				CLANG_CXX_LANGUAGE_STANDARD = "gnu++0x";
				CLANG_CXX_LIBRARY = "libc++";
				CLANG_ENABLE_MODULES = YES;
				CLANG_ENABLE_OBJC_ARC = YES;
				CLANG_WARN_BOOL_CONVERSION = YES;
				CLANG_WARN_CONSTANT_CONVERSION = YES;
				CLANG_WARN_DIRECT_OBJC_ISA_USAGE = YES_ERROR;
				CLANG_WARN_EMPTY_BODY = YES;
				CLANG_WARN_ENUM_CONVERSION = YES;
				CLANG_WARN_INT_CONVERSION = YES;
				CLANG_WARN_OBJC_ROOT_CLASS = YES_ERROR;
				CLANG_WARN_UNREACHABLE_CODE = YES;
				CLANG_WARN__DUPLICATE_METHOD_MATCH = YES;
				"CODE_SIGN_IDENTITY[sdk=iphoneos*]" = "iPhone Developer";
				COPY_PHASE_STRIP = YES;
				ENABLE_NS_ASSERTIONS = NO;
				ENABLE_STRICT_OBJC_MSGSEND = YES;
				GCC_C_LANGUAGE_STANDARD = gnu99;
				GCC_WARN_64_TO_32_BIT_CONVERSION = YES;
				GCC_WARN_ABOUT_RETURN_TYPE = YES_ERROR;
				GCC_WARN_UNDECLARED_SELECTOR = YES;
				GCC_WARN_UNINITIALIZED_AUTOS = YES_AGGRESSIVE;
				GCC_WARN_UNUSED_FUNCTION = YES;
				GCC_WARN_UNUSED_VARIABLE = YES;
				IPHONEOS_DEPLOYMENT_TARGET = 8.1;
				MTL_ENABLE_DEBUG_INFO = NO;
				SDKROOT = iphoneos;
				VALIDATE_PRODUCT = YES;
			};
			name = Release;
		};
		A88372B719F6880700348A2D /* Debug */ = {
			isa = XCBuildConfiguration;
			buildSettings = {
				ASSETCATALOG_COMPILER_APPICON_NAME = AppIcon;
				INFOPLIST_FILE = AutoEmailApp/Info.plist;
				LD_RUNPATH_SEARCH_PATHS = "$(inherited) @executable_path/Frameworks";
				PRODUCT_NAME = "$(TARGET_NAME)";
			};
			name = Debug;
		};
		A88372B819F6880700348A2D /* Release */ = {
			isa = XCBuildConfiguration;
			buildSettings = {
				ASSETCATALOG_COMPILER_APPICON_NAME = AppIcon;
				INFOPLIST_FILE = AutoEmailApp/Info.plist;
				LD_RUNPATH_SEARCH_PATHS = "$(inherited) @executable_path/Frameworks";
				PRODUCT_NAME = "$(TARGET_NAME)";
			};
			name = Release;
		};
		A88372BA19F6880700348A2D /* Debug */ = {
			isa = XCBuildConfiguration;
			buildSettings = {
				BUNDLE_LOADER = "$(TEST_HOST)";
				FRAMEWORK_SEARCH_PATHS = (
					"$(SDKROOT)/Developer/Library/Frameworks",
					"$(inherited)",
				);
				GCC_PREPROCESSOR_DEFINITIONS = (
					"DEBUG=1",
					"$(inherited)",
				);
				INFOPLIST_FILE = AutoEmailAppTests/Info.plist;
				LD_RUNPATH_SEARCH_PATHS = "$(inherited) @executable_path/Frameworks @loader_path/Frameworks";
				PRODUCT_NAME = "$(TARGET_NAME)";
				TEST_HOST = "$(BUILT_PRODUCTS_DIR)/AutoEmailApp.app/AutoEmailApp";
			};
			name = Debug;
		};
		A88372BB19F6880700348A2D /* Release */ = {
			isa = XCBuildConfiguration;
			buildSettings = {
				BUNDLE_LOADER = "$(TEST_HOST)";
				FRAMEWORK_SEARCH_PATHS = (
					"$(SDKROOT)/Developer/Library/Frameworks",
					"$(inherited)",
				);
				INFOPLIST_FILE = AutoEmailAppTests/Info.plist;
				LD_RUNPATH_SEARCH_PATHS = "$(inherited) @executable_path/Frameworks @loader_path/Frameworks";
				PRODUCT_NAME = "$(TARGET_NAME)";
				TEST_HOST = "$(BUILT_PRODUCTS_DIR)/AutoEmailApp.app/AutoEmailApp";
			};
			name = Release;
		};
/* End XCBuildConfiguration section */

/* Begin XCConfigurationList section */
		A883728E19F6880700348A2D /* Build configuration list for PBXProject "AutoEmailApp" */ = {
			isa = XCConfigurationList;
			buildConfigurations = (
				A88372B419F6880700348A2D /* Debug */,
				A88372B519F6880700348A2D /* Release */,
			);
			defaultConfigurationIsVisible = 0;
			defaultConfigurationName = Release;
		};
		A88372B619F6880700348A2D /* Build configuration list for PBXNativeTarget "AutoEmailApp" */ = {
			isa = XCConfigurationList;
			buildConfigurations = (
				A88372B719F6880700348A2D /* Debug */,
				A88372B819F6880700348A2D /* Release */,
			);
			defaultConfigurationIsVisible = 0;
			defaultConfigurationName = Release;
		};
		A88372B919F6880700348A2D /* Build configuration list for PBXNativeTarget "AutoEmailAppTests" */ = {
			isa = XCConfigurationList;
			buildConfigurations = (
				A88372BA19F6880700348A2D /* Debug */,
				A88372BB19F6880700348A2D /* Release */,
			);
			defaultConfigurationIsVisible = 0;
			defaultConfigurationName = Release;
		};
/* End XCConfigurationList section */
	};
	rootObject = A883728B19F6880700348A2D /* Project object */;
}
